
Microsoft Visual Studio Solution File, Format Version 12.00
# Visual Studio Version 16
VisualStudioVersion = 16.0.29102.190
MinimumVisualStudioVersion = 10.0.40219.1
Project("{9A19103F-16F7-4668-BE54-9A1E7A4F7556}") = "StbSharp.ImageWrite", "src\StbSharp.ImageWrite.csproj", "{F34117AB-DFE1-451C-ABD2-F1952015B31C}"
EndProject
Project("{9A19103F-16F7-4668-BE54-9A1E7A4F7556}") = "StbSharp.Shared", "..\Shared\src\StbSharp.Shared.csproj", "{1B67C532-81BF-4788-8FD3-F3BFBC28F4F3}"
EndProject
Global
	GlobalSection(SolutionConfigurationPlatforms) = preSolution
		Debug|Any CPU = Debug|Any CPU
		Release|Any CPU = Release|Any CPU
	EndGlobalSection
	GlobalSection(ProjectConfigurationPlatforms) = postSolution
		{F34117AB-DFE1-451C-ABD2-F1952015B31C}.Debug|Any CPU.ActiveCfg = Debug|Any CPU
		{F34117AB-DFE1-451C-ABD2-F1952015B31C}.Debug|Any CPU.Build.0 = Debug|Any CPU
		{F34117AB-DFE1-451C-ABD2-F1952015B31C}.Release|Any CPU.ActiveCfg = Release|Any CPU
		{F34117AB-DFE1-451C-ABD2-F1952015B31C}.Release|Any CPU.Build.0 = Release|Any CPU
		{1B67C532-81BF-4788-8FD3-F3BFBC28F4F3}.Debug|Any CPU.ActiveCfg = Debug|Any CPU
		{1B67C532-81BF-4788-8FD3-F3BFBC28F4F3}.Debug|Any CPU.Build.0 = Debug|Any CPU
		{1B67C532-81BF-4788-8FD3-F3BFBC28F4F3}.Release|Any CPU.ActiveCfg = Release|Any CPU
		{1B67C532-81BF-4788-8FD3-F3BFBC28F4F3}.Release|Any CPU.Build.0 = Release|Any CPU
	EndGlobalSection
	GlobalSection(SolutionProperties) = preSolution
		HideSolutionNode = FALSE
	EndGlobalSection
	GlobalSection(ExtensibilityGlobals) = postSolution
		SolutionGuid = {C9C812E7-F89A-4B6E-8F9D-981D5F8BBAB3}
	EndGlobalSection
EndGlobal
